
Microsoft Visual Studio Solution File, Format Version 12.00
# Visual Studio Version 17
VisualStudioVersion = 17.5.002.0
MinimumVisualStudioVersion = 10.0.40219.1
Project("{9A19103F-16F7-4668-BE54-9A1E7A4F7556}") = "HierarchicalMenuApp", "HierarchicalMenuApp\HierarchicalMenuApp.csproj", "{BFA25106-6036-4AE9-B8CA-5E40708625F1}"
EndProject
Global
	GlobalSection(SolutionConfigurationPlatforms) = preSolution
		Debug|Any CPU = Debug|Any CPU
		Release|Any CPU = Release|Any CPU
	EndGlobalSection
	GlobalSection(ProjectConfigurationPlatforms) = postSolution
		{BFA25106-6036-4AE9-B8CA-5E40708625F1}.Debug|Any CPU.ActiveCfg = Debug|Any CPU
		{BFA25106-6036-4AE9-B8CA-5E40708625F1}.Debug|Any CPU.Build.0 = Debug|Any CPU
		{BFA25106-6036-4AE9-B8CA-5E40708625F1}.Release|Any CPU.ActiveCfg = Release|Any CPU
		{BFA25106-6036-4AE9-B8CA-5E40708625F1}.Release|Any CPU.Build.0 = Release|Any CPU
	EndGlobalSection
	GlobalSection(SolutionProperties) = preSolution
		HideSolutionNode = FALSE
	EndGlobalSection
	GlobalSection(ExtensibilityGlobals) = postSolution
		SolutionGuid = {F43F7136-EB8E-4A21-9897-04D408275853}
	EndGlobalSection
EndGlobal
